
Microsoft Visual Studio Solution File, Format Version 12.00
# Visual Studio Version 16
VisualStudioVersion = 16.0.31911.196
MinimumVisualStudioVersion = 10.0.40219.1
Project("{9A19103F-16F7-4668-BE54-9A1E7A4F7556}") = "01.FromSyncToAync", "01.FromSyncToAync\01.FromSyncToAync.csproj", "{809EC4D1-6740-4E1D-A516-8BFD136F1CDB}"
EndProject
Project("{9A19103F-16F7-4668-BE54-9A1E7A4F7556}") = "02.BurgerPreparation", "02.BurgerPreparation\02.BurgerPreparation.csproj", "{A9AEF3BD-3BDC-48ED-A49A-69E8ADF8789F}"
EndProject
Project("{9A19103F-16F7-4668-BE54-9A1E7A4F7556}") = "03.Multithreading", "03.Multithreading\03.Multithreading.csproj", "{5895987D-4D43-4C4F-BC7B-69E4F5E51567}"
EndProject
Project("{9A19103F-16F7-4668-BE54-9A1E7A4F7556}") = "04.TaskMethods", "04.TaskMethods\04.TaskMethods.csproj", "{E090DCC4-88E0-4EA1-93CA-3188C7A0BAF2}"
EndProject
Project("{9A19103F-16F7-4668-BE54-9A1E7A4F7556}") = "05.AsyncAwait", "05.AsyncAwait\05.AsyncAwait.csproj", "{6F8B65E8-2FC7-46AE-9E64-BBE6D0A754FD}"
EndProject
Project("{9A19103F-16F7-4668-BE54-9A1E7A4F7556}") = "06.Performance", "06.Performance\06.Performance.csproj", "{EA149E22-7B37-496F-B32C-E1DD53609DDA}"
EndProject
Project("{9A19103F-16F7-4668-BE54-9A1E7A4F7556}") = "07.Gotchas", "07.Gotchas\07.Gotchas.csproj", "{49CA10D6-7345-4CC0-9BBA-6C29A69CC6B0}"
EndProject
Project("{FAE04EC0-301F-11D3-BF4B-00C04F79EFBC}") = "08.Deadlock", "08.Deadlock\08.Deadlock.csproj", "{B7845295-9BC6-482C-84D3-66DD4D668F8A}"
EndProject
Project("{9A19103F-16F7-4668-BE54-9A1E7A4F7556}") = "09.Cancellation", "09.Cancellation\09.Cancellation.csproj", "{E4CD2AA4-A67B-4B3A-BB57-25DE8BCC8932}"
EndProject
Project("{FAE04EC0-301F-11D3-BF4B-00C04F79EFBC}") = "10.TasksBehindTheScenes", "10.TasksBehindTheScenes\10.TasksBehindTheScenes.csproj", "{D50185BF-28E5-464B-B3AE-586E1162C8B4}"
EndProject
Project("{FAE04EC0-301F-11D3-BF4B-00C04F79EFBC}") = "11.CustomAwait", "CustomAwait\11.CustomAwait.csproj", "{7D62C9E1-DFFD-4E78-A16C-747BF17F555F}"
EndProject
Global
	GlobalSection(SolutionConfigurationPlatforms) = preSolution
		Debug|Any CPU = Debug|Any CPU
		Release|Any CPU = Release|Any CPU
	EndGlobalSection
	GlobalSection(ProjectConfigurationPlatforms) = postSolution
		{809EC4D1-6740-4E1D-A516-8BFD136F1CDB}.Debug|Any CPU.ActiveCfg = Debug|Any CPU
		{809EC4D1-6740-4E1D-A516-8BFD136F1CDB}.Debug|Any CPU.Build.0 = Debug|Any CPU
		{809EC4D1-6740-4E1D-A516-8BFD136F1CDB}.Release|Any CPU.ActiveCfg = Release|Any CPU
		{809EC4D1-6740-4E1D-A516-8BFD136F1CDB}.Release|Any CPU.Build.0 = Release|Any CPU
		{A9AEF3BD-3BDC-48ED-A49A-69E8ADF8789F}.Debug|Any CPU.ActiveCfg = Debug|Any CPU
		{A9AEF3BD-3BDC-48ED-A49A-69E8ADF8789F}.Debug|Any CPU.Build.0 = Debug|Any CPU
		{A9AEF3BD-3BDC-48ED-A49A-69E8ADF8789F}.Release|Any CPU.ActiveCfg = Release|Any CPU
		{A9AEF3BD-3BDC-48ED-A49A-69E8ADF8789F}.Release|Any CPU.Build.0 = Release|Any CPU
		{5895987D-4D43-4C4F-BC7B-69E4F5E51567}.Debug|Any CPU.ActiveCfg = Debug|Any CPU
		{5895987D-4D43-4C4F-BC7B-69E4F5E51567}.Debug|Any CPU.Build.0 = Debug|Any CPU
		{5895987D-4D43-4C4F-BC7B-69E4F5E51567}.Release|Any CPU.ActiveCfg = Release|Any CPU
		{5895987D-4D43-4C4F-BC7B-69E4F5E51567}.Release|Any CPU.Build.0 = Release|Any CPU
		{E090DCC4-88E0-4EA1-93CA-3188C7A0BAF2}.Debug|Any CPU.ActiveCfg = Debug|Any CPU
		{E090DCC4-88E0-4EA1-93CA-3188C7A0BAF2}.Debug|Any CPU.Build.0 = Debug|Any CPU
		{E090DCC4-88E0-4EA1-93CA-3188C7A0BAF2}.Release|Any CPU.ActiveCfg = Release|Any CPU
		{E090DCC4-88E0-4EA1-93CA-3188C7A0BAF2}.Release|Any CPU.Build.0 = Release|Any CPU
		{6F8B65E8-2FC7-46AE-9E64-BBE6D0A754FD}.Debug|Any CPU.ActiveCfg = Debug|Any CPU
		{6F8B65E8-2FC7-46AE-9E64-BBE6D0A754FD}.Debug|Any CPU.Build.0 = Debug|Any CPU
		{6F8B65E8-2FC7-46AE-9E64-BBE6D0A754FD}.Release|Any CPU.ActiveCfg = Release|Any CPU
		{6F8B65E8-2FC7-46AE-9E64-BBE6D0A754FD}.Release|Any CPU.Build.0 = Release|Any CPU
		{EA149E22-7B37-496F-B32C-E1DD53609DDA}.Debug|Any CPU.ActiveCfg = Debug|Any CPU
		{EA149E22-7B37-496F-B32C-E1DD53609DDA}.Debug|Any CPU.Build.0 = Debug|Any CPU
		{EA149E22-7B37-496F-B32C-E1DD53609DDA}.Release|Any CPU.ActiveCfg = Release|Any CPU
		{EA149E22-7B37-496F-B32C-E1DD53609DDA}.Release|Any CPU.Build.0 = Release|Any CPU
		{49CA10D6-7345-4CC0-9BBA-6C29A69CC6B0}.Debug|Any CPU.ActiveCfg = Debug|Any CPU
		{49CA10D6-7345-4CC0-9BBA-6C29A69CC6B0}.Debug|Any CPU.Build.0 = Debug|Any CPU
		{49CA10D6-7345-4CC0-9BBA-6C29A69CC6B0}.Release|Any CPU.ActiveCfg = Release|Any CPU
		{49CA10D6-7345-4CC0-9BBA-6C29A69CC6B0}.Release|Any CPU.Build.0 = Release|Any CPU
		{B7845295-9BC6-482C-84D3-66DD4D668F8A}.Debug|Any CPU.ActiveCfg = Debug|Any CPU
		{B7845295-9BC6-482C-84D3-66DD4D668F8A}.Debug|Any CPU.Build.0 = Debug|Any CPU
		{B7845295-9BC6-482C-84D3-66DD4D668F8A}.Release|Any CPU.ActiveCfg = Release|Any CPU
		{B7845295-9BC6-482C-84D3-66DD4D668F8A}.Release|Any CPU.Build.0 = Release|Any CPU
		{E4CD2AA4-A67B-4B3A-BB57-25DE8BCC8932}.Debug|Any CPU.ActiveCfg = Debug|Any CPU
		{E4CD2AA4-A67B-4B3A-BB57-25DE8BCC8932}.Debug|Any CPU.Build.0 = Debug|Any CPU
		{E4CD2AA4-A67B-4B3A-BB57-25DE8BCC8932}.Release|Any CPU.ActiveCfg = Release|Any CPU
		{E4CD2AA4-A67B-4B3A-BB57-25DE8BCC8932}.Release|Any CPU.Build.0 = Release|Any CPU
		{D50185BF-28E5-464B-B3AE-586E1162C8B4}.Debug|Any CPU.ActiveCfg = Debug|Any CPU
		{D50185BF-28E5-464B-B3AE-586E1162C8B4}.Debug|Any CPU.Build.0 = Debug|Any CPU
		{D50185BF-28E5-464B-B3AE-586E1162C8B4}.Release|Any CPU.ActiveCfg = Release|Any CPU
		{D50185BF-28E5-464B-B3AE-586E1162C8B4}.Release|Any CPU.Build.0 = Release|Any CPU
		{7D62C9E1-DFFD-4E78-A16C-747BF17F555F}.Debug|Any CPU.ActiveCfg = Debug|Any CPU
		{7D62C9E1-DFFD-4E78-A16C-747BF17F555F}.Debug|Any CPU.Build.0 = Debug|Any CPU
		{7D62C9E1-DFFD-4E78-A16C-747BF17F555F}.Release|Any CPU.ActiveCfg = Release|Any CPU
		{7D62C9E1-DFFD-4E78-A16C-747BF17F555F}.Release|Any CPU.Build.0 = Release|Any CPU
	EndGlobalSection
	GlobalSection(SolutionProperties) = preSolution
		HideSolutionNode = FALSE
	EndGlobalSection
	GlobalSection(ExtensibilityGlobals) = postSolution
		SolutionGuid = {A98C40A5-F1A0-4778-A8DD-354F77455432}
	EndGlobalSection
EndGlobal
